
Microsoft Visual Studio Solution File, Format Version 12.00
# Visual Studio Version 16
VisualStudioVersion = 16.0.30011.22
MinimumVisualStudioVersion = 10.0.40219.1
Project("{9A19103F-16F7-4668-BE54-9A1E7A4F7556}") = "SurveyIt.Web", "SurveyIt.Web\SurveyIt.Web.csproj", "{605FBF6F-808B-4ECE-B998-29C3190DB4E5}"
EndProject
Project("{FAE04EC0-301F-11D3-BF4B-00C04F79EFBC}") = "SurveyIt.Domain", "SurveyIt.Domain\SurveyIt.Domain.csproj", "{1ED42E11-3176-4C4E-A2E8-FCDE59BAD879}"
EndProject
Project("{FAE04EC0-301F-11D3-BF4B-00C04F79EFBC}") = "SurveyIt.Infrastructure", "SurveyIt.Infrastructure\SurveyIt.Infrastructure.csproj", "{5E0C9EDF-E7CB-4EF2-A148-F27B069D7915}"
EndProject
Global
	GlobalSection(SolutionConfigurationPlatforms) = preSolution
		Debug|Any CPU = Debug|Any CPU
		Release|Any CPU = Release|Any CPU
	EndGlobalSection
	GlobalSection(ProjectConfigurationPlatforms) = postSolution
		{605FBF6F-808B-4ECE-B998-29C3190DB4E5}.Debug|Any CPU.ActiveCfg = Debug|Any CPU
		{605FBF6F-808B-4ECE-B998-29C3190DB4E5}.Debug|Any CPU.Build.0 = Debug|Any CPU
		{605FBF6F-808B-4ECE-B998-29C3190DB4E5}.Release|Any CPU.ActiveCfg = Release|Any CPU
		{605FBF6F-808B-4ECE-B998-29C3190DB4E5}.Release|Any CPU.Build.0 = Release|Any CPU
		{1ED42E11-3176-4C4E-A2E8-FCDE59BAD879}.Debug|Any CPU.ActiveCfg = Debug|Any CPU
		{1ED42E11-3176-4C4E-A2E8-FCDE59BAD879}.Debug|Any CPU.Build.0 = Debug|Any CPU
		{1ED42E11-3176-4C4E-A2E8-FCDE59BAD879}.Release|Any CPU.ActiveCfg = Release|Any CPU
		{1ED42E11-3176-4C4E-A2E8-FCDE59BAD879}.Release|Any CPU.Build.0 = Release|Any CPU
		{5E0C9EDF-E7CB-4EF2-A148-F27B069D7915}.Debug|Any CPU.ActiveCfg = Debug|Any CPU
		{5E0C9EDF-E7CB-4EF2-A148-F27B069D7915}.Debug|Any CPU.Build.0 = Debug|Any CPU
		{5E0C9EDF-E7CB-4EF2-A148-F27B069D7915}.Release|Any CPU.ActiveCfg = Release|Any CPU
		{5E0C9EDF-E7CB-4EF2-A148-F27B069D7915}.Release|Any CPU.Build.0 = Release|Any CPU
	EndGlobalSection
	GlobalSection(SolutionProperties) = preSolution
		HideSolutionNode = FALSE
	EndGlobalSection
	GlobalSection(ExtensibilityGlobals) = postSolution
		SolutionGuid = {7B2A6019-1BD9-46B9-81F8-0CBEF95127F6}
	EndGlobalSection
EndGlobal
